PODS:
  - Starscream (1.1.4)
  - Swifter (1.2.6)

DEPENDENCIES:
  - Starscream (from `https://github.com/pvzig/Starscream.git`, branch `swift-23`)
  - Swifter (from `https://github.com/pvzig/swifter.git`, branch `stable`)

EXTERNAL SOURCES:
  Starscream:
    :branch: swift-23
    :git: https://github.com/pvzig/Starscream.git
  Swifter:
    :branch: stable
    :git: https://github.com/pvzig/swifter.git

CHECKOUT OPTIONS:
  Starscream:
    :commit: fc5529e18f1352fbe18bf8c0d8b333e02b636a1d
    :git: https://github.com/pvzig/Starscream.git
  Swifter:
    :commit: 077f1000d26cc5fa436a26e6d67284130b735a12
    :git: https://github.com/pvzig/swifter.git

SPEC CHECKSUMS:
  Starscream: f919aeaf81afca6d5d4d3e5f6dd136ec92af2aa1
  Swifter: c6f13d053398f1e2f209c7a394dfd5e863ae0157

PODFILE CHECKSUM: eb199f4d00b2166c447035baee5537560b583b38

COCOAPODS: 1.0.1
