PODS:
  - Starscream (2.0.2)
  - Swifter (1.3.2)

DEPENDENCIES:
  - Starscream (~> 2.0.2)
  - Swifter (from `https://github.com/pvzig/swifter.git`, tag `3.0.4`)

EXTERNAL SOURCES:
  Swifter:
    :git: https://github.com/pvzig/swifter.git
    :tag: 3.0.4

CHECKOUT OPTIONS:
  Swifter:
    :git: https://github.com/pvzig/swifter.git
    :tag: 3.0.4

SPEC CHECKSUMS:
  Starscream: 6c135a34e0a6e60cedaa0b30db67a4c05cf7cd38
  Swifter: dd1800ba8eb3e28b22b8bd20f91a8561a0110fac

PODFILE CHECKSUM: cd86ea0f8422027c9d5fa3c40243ae7a816fb79a

COCOAPODS: 1.1.0.rc.3
